{
  "name": "choreo-tools",
  "version": "1.0.0",
  "lockfileVersion": 2,
  "requires": true,
  "packages": {
    "": {
      "version": "1.0.0",
      "license": "ISC",
      "dependencies": {
        "@hn3000/json-ref": "^1.1.1",
        "typescript": "^4.4.4"
      },
      "devDependencies": {
        "@hn3000/ats-types": "git+https://github.com/hn3000/ats-types.git#next",
        "@hn3000/filewalker": "^1.0.0"
      }
    },
    "node_modules/@hn3000/ats-types": {
      "version": "0.0.1",
      "resolved": "git+ssh://git@github.com/hn3000/ats-types.git#93d664403cd0b995f921a8ea1700dadeb9a503a2",
      "integrity": "sha512-rc9ZpO61WqXQa6gRre76KiJDHgkA5+9Ws1IL20o+V5peGWRgcnn4qhFpNxqXc4/C5+445JyBGlutvF09lGY3cg==",
      "dev": true,
      "license": "ISC"
    },
    "node_modules/@hn3000/filewalker": {
      "version": "1.0.0",
      "resolved": "https://registry.npmjs.org/@hn3000/filewalker/-/filewalker-1.0.0.tgz",
      "integrity": "sha512-um6aa3rUhR6ViVKvXkDoATfpSK2rX06T740qnqGHJOrB7hkaUFipsJt1KjP61BWR6NWpF0bbw4gQZwkXE9NEew==",
      "dev": true,
      "dependencies": {
        "@types/minimatch": "^3.0.1",
        "@types/node": "^8.0.50",
        "minimatch": "^3.0.4",
        "typescript": "^2.6.1"
      }
    },
    "node_modules/@hn3000/filewalker/node_modules/typescript": {
      "version": "2.9.2",
      "resolved": "https://registry.npmjs.org/typescript/-/typescript-2.9.2.tgz",
      "integrity": "sha512-Gr4p6nFNaoufRIY4NMdpQRNmgxVIGMs4Fcu/ujdYk3nAZqk7supzBE9idmvfZIlH/Cuj//dvi+019qEue9lV0w==",
      "dev": true,
      "bin": {
        "tsc": "bin/tsc",
        "tsserver": "bin/tsserver"
      },
      "engines": {
        "node": ">=4.2.0"
      }
    },
    "node_modules/@hn3000/json-ref": {
      "version": "1.1.1",
      "resolved": "https://registry.npmjs.org/@hn3000/json-ref/-/json-ref-1.1.1.tgz",
      "integrity": "sha512-RKL9emH4oa1XWnj+4Cg3WK2HEEnvoQKkb2i2cBctvqWWI4Siw3eTY4FuOqhJz27Dbmnxwx6TrXrC1/GftyLFBg==",
      "bin": {
        "json-pluck": "bin/json-pluck.js",
        "json-ref": "bin/json-ref.js",
        "json-ref.js": "bin/json-ref.js"
      }
    },
    "node_modules/@types/minimatch": {
      "version": "3.0.3",
      "resolved": "https://registry.npmjs.org/@types/minimatch/-/minimatch-3.0.3.tgz",
      "integrity": "sha512-tHq6qdbT9U1IRSGf14CL0pUlULksvY9OZ+5eEgl1N7t+OA3tGvNpxJCzuKQlsNgCVwbAs670L1vcVQi8j9HjnA==",
      "dev": true
    },
    "node_modules/@types/node": {
      "version": "8.10.66",
      "resolved": "https://registry.npmjs.org/@types/node/-/node-8.10.66.tgz",
      "integrity": "sha512-tktOkFUA4kXx2hhhrB8bIFb5TbwzS4uOhKEmwiD+NoiL0qtP2OQ9mFldbgD4dV1djrlBYP6eBuQZiWjuHUpqFw==",
      "dev": true
    },
    "node_modules/balanced-match": {
      "version": "1.0.0",
      "resolved": "https://registry.npmjs.org/balanced-match/-/balanced-match-1.0.0.tgz",
      "integrity": "sha1-ibTRmasr7kneFk6gK4nORi1xt2c=",
      "dev": true
    },
    "node_modules/brace-expansion": {
      "version": "1.1.11",
      "resolved": "https://registry.npmjs.org/brace-expansion/-/brace-expansion-1.1.11.tgz",
      "integrity": "sha512-iCuPHDFgrHX7H2vEI/5xpz07zSHB00TpugqhmYtVmMO6518mCuRMoOYFldEBl0g187ufozdaHgWKcYFb61qGiA==",
      "dev": true,
      "dependencies": {
        "balanced-match": "^1.0.0",
        "concat-map": "0.0.1"
      }
    },
    "node_modules/concat-map": {
      "version": "0.0.1",
      "resolved": "https://registry.npmjs.org/concat-map/-/concat-map-0.0.1.tgz",
      "integrity": "sha1-2Klr13/Wjfd5OnMDajug1UBdR3s=",
      "dev": true
    },
    "node_modules/minimatch": {
      "version": "3.0.4",
      "resolved": "https://registry.npmjs.org/minimatch/-/minimatch-3.0.4.tgz",
      "integrity": "sha512-yJHVQEhyqPLUTgt9B83PXu6W3rx4MvvHvSUvToogpwoGDOUQ+yDrR0HRot+yOCdCO7u4hX3pWft6kWBBcqh0UA==",
      "dev": true,
      "dependencies": {
        "brace-expansion": "^1.1.7"
      },
      "engines": {
        "node": "*"
      }
    },
    "node_modules/typescript": {
      "version": "4.4.4",
      "resolved": "https://registry.npmjs.org/typescript/-/typescript-4.4.4.tgz",
      "integrity": "sha512-DqGhF5IKoBl8WNf8C1gu8q0xZSInh9j1kJJMqT3a94w1JzVaBU4EXOSMrz9yDqMT0xt3selp83fuFMQ0uzv6qA==",
      "bin": {
        "tsc": "bin/tsc",
        "tsserver": "bin/tsserver"
      },
      "engines": {
        "node": ">=4.2.0"
      }
    }
  },
  "dependencies": {
    "@hn3000/ats-types": {
      "version": "git+ssh://git@github.com/hn3000/ats-types.git#93d664403cd0b995f921a8ea1700dadeb9a503a2",
      "integrity": "sha512-rc9ZpO61WqXQa6gRre76KiJDHgkA5+9Ws1IL20o+V5peGWRgcnn4qhFpNxqXc4/C5+445JyBGlutvF09lGY3cg==",
      "dev": true,
      "from": "@hn3000/ats-types@git+https://github.com/hn3000/ats-types.git#next"
    },
    "@hn3000/filewalker": {
      "version": "1.0.0",
      "resolved": "https://registry.npmjs.org/@hn3000/filewalker/-/filewalker-1.0.0.tgz",
      "integrity": "sha512-um6aa3rUhR6ViVKvXkDoATfpSK2rX06T740qnqGHJOrB7hkaUFipsJt1KjP61BWR6NWpF0bbw4gQZwkXE9NEew==",
      "dev": true,
      "requires": {
        "@types/minimatch": "^3.0.1",
        "@types/node": "^8.0.50",
        "minimatch": "^3.0.4",
        "typescript": "^2.6.1"
      },
      "dependencies": {
        "typescript": {
          "version": "2.9.2",
          "resolved": "https://registry.npmjs.org/typescript/-/typescript-2.9.2.tgz",
          "integrity": "sha512-Gr4p6nFNaoufRIY4NMdpQRNmgxVIGMs4Fcu/ujdYk3nAZqk7supzBE9idmvfZIlH/Cuj//dvi+019qEue9lV0w==",
          "dev": true
        }
      }
    },
    "@hn3000/json-ref": {
      "version": "1.1.1",
      "resolved": "https://registry.npmjs.org/@hn3000/json-ref/-/json-ref-1.1.1.tgz",
      "integrity": "sha512-RKL9emH4oa1XWnj+4Cg3WK2HEEnvoQKkb2i2cBctvqWWI4Siw3eTY4FuOqhJz27Dbmnxwx6TrXrC1/GftyLFBg=="
    },
    "@types/minimatch": {
      "version": "3.0.3",
      "resolved": "https://registry.npmjs.org/@types/minimatch/-/minimatch-3.0.3.tgz",
      "integrity": "sha512-tHq6qdbT9U1IRSGf14CL0pUlULksvY9OZ+5eEgl1N7t+OA3tGvNpxJCzuKQlsNgCVwbAs670L1vcVQi8j9HjnA==",
      "dev": true
    },
    "@types/node": {
      "version": "8.10.66",
      "resolved": "https://registry.npmjs.org/@types/node/-/node-8.10.66.tgz",
      "integrity": "sha512-tktOkFUA4kXx2hhhrB8bIFb5TbwzS4uOhKEmwiD+NoiL0qtP2OQ9mFldbgD4dV1djrlBYP6eBuQZiWjuHUpqFw==",
      "dev": true
    },
    "balanced-match": {
      "version": "1.0.0",
      "resolved": "https://registry.npmjs.org/balanced-match/-/balanced-match-1.0.0.tgz",
      "integrity": "sha1-ibTRmasr7kneFk6gK4nORi1xt2c=",
      "dev": true
    },
    "brace-expansion": {
      "version": "1.1.11",
      "resolved": "https://registry.npmjs.org/brace-expansion/-/brace-expansion-1.1.11.tgz",
      "integrity": "sha512-iCuPHDFgrHX7H2vEI/5xpz07zSHB00TpugqhmYtVmMO6518mCuRMoOYFldEBl0g187ufozdaHgWKcYFb61qGiA==",
      "dev": true,
      "requires": {
        "balanced-match": "^1.0.0",
        "concat-map": "0.0.1"
      }
    },
    "concat-map": {
      "version": "0.0.1",
      "resolved": "https://registry.npmjs.org/concat-map/-/concat-map-0.0.1.tgz",
      "integrity": "sha1-2Klr13/Wjfd5OnMDajug1UBdR3s=",
      "dev": true
    },
    "minimatch": {
      "version": "3.0.4",
      "resolved": "https://registry.npmjs.org/minimatch/-/minimatch-3.0.4.tgz",
      "integrity": "sha512-yJHVQEhyqPLUTgt9B83PXu6W3rx4MvvHvSUvToogpwoGDOUQ+yDrR0HRot+yOCdCO7u4hX3pWft6kWBBcqh0UA==",
      "dev": true,
      "requires": {
        "brace-expansion": "^1.1.7"
      }
    },
    "typescript": {
      "version": "4.4.4",
      "resolved": "https://registry.npmjs.org/typescript/-/typescript-4.4.4.tgz",
      "integrity": "sha512-DqGhF5IKoBl8WNf8C1gu8q0xZSInh9j1kJJMqT3a94w1JzVaBU4EXOSMrz9yDqMT0xt3selp83fuFMQ0uzv6qA=="
    }
  }
}
